
Microsoft Visual Studio Solution File, Format Version 12.00
Project("{FAE04EC0-301F-11D3-BF4B-00C04F79EFBC}") = "AesXGcmDotNet", "AesXGcmDotNet\AesXGcmDotNet.csproj", "{39DB377E-7C91-446C-861F-8B647B728875}"
EndProject
Project("{FAE04EC0-301F-11D3-BF4B-00C04F79EFBC}") = "AesXGcmDotNetTests", "AesXGcmDotNetTests\AesXGcmDotNetTests.csproj", "{C24ADA30-63BE-48AE-9572-9299FFB943AD}"
EndProject
Global
	GlobalSection(SolutionConfigurationPlatforms) = preSolution
		Debug|Any CPU = Debug|Any CPU
		Release|Any CPU = Release|Any CPU
	EndGlobalSection
	GlobalSection(ProjectConfigurationPlatforms) = postSolution
		{39DB377E-7C91-446C-861F-8B647B728875}.Debug|Any CPU.ActiveCfg = Debug|Any CPU
		{39DB377E-7C91-446C-861F-8B647B728875}.Debug|Any CPU.Build.0 = Debug|Any CPU
		{39DB377E-7C91-446C-861F-8B647B728875}.Release|Any CPU.ActiveCfg = Release|Any CPU
		{39DB377E-7C91-446C-861F-8B647B728875}.Release|Any CPU.Build.0 = Release|Any CPU
		{C24ADA30-63BE-48AE-9572-9299FFB943AD}.Debug|Any CPU.ActiveCfg = Debug|Any CPU
		{C24ADA30-63BE-48AE-9572-9299FFB943AD}.Debug|Any CPU.Build.0 = Debug|Any CPU
		{C24ADA30-63BE-48AE-9572-9299FFB943AD}.Release|Any CPU.ActiveCfg = Release|Any CPU
		{C24ADA30-63BE-48AE-9572-9299FFB943AD}.Release|Any CPU.Build.0 = Release|Any CPU
	EndGlobalSection
EndGlobal
